
Microsoft Visual Studio Solution File, Format Version 12.00
# Visual Studio Version 17
VisualStudioVersion = 17.8.34408.163
MinimumVisualStudioVersion = 10.0.40219.1
Project("{FAE04EC0-301F-11D3-BF4B-00C04F79EFBC}") = "ConcurrencyPatterns", "ConcurrencyPatterns\ConcurrencyPatterns.csproj", "{C21EC378-3491-448E-A3CC-853DD118472F}"
EndProject
Project("{FAE04EC0-301F-11D3-BF4B-00C04F79EFBC}") = "SynchronizationMechanismsLocksMutexesSemaphores", "SynchronizationMechanismsLocksMutexesSemaphores\SynchronizationMechanismsLocksMutexesSemaphores.csproj", "{D40C4222-8C8E-45AB-B26A-B54090D7E462}"
EndProject
Project("{FAE04EC0-301F-11D3-BF4B-00C04F79EFBC}") = "HandlingRaceConditionsAndDeadlocks", "handlingRaceConditionsAndDeadlocks\HandlingRaceConditionsAndDeadlocks.csproj", "{8EEF904D-2FDE-414D-90EC-AAAE506BD57C}"
EndProject
Global
	GlobalSection(SolutionConfigurationPlatforms) = preSolution
		Debug|Any CPU = Debug|Any CPU
		Release|Any CPU = Release|Any CPU
	EndGlobalSection
	GlobalSection(ProjectConfigurationPlatforms) = postSolution
		{C21EC378-3491-448E-A3CC-853DD118472F}.Debug|Any CPU.ActiveCfg = Debug|Any CPU
		{C21EC378-3491-448E-A3CC-853DD118472F}.Debug|Any CPU.Build.0 = Debug|Any CPU
		{C21EC378-3491-448E-A3CC-853DD118472F}.Release|Any CPU.ActiveCfg = Release|Any CPU
		{C21EC378-3491-448E-A3CC-853DD118472F}.Release|Any CPU.Build.0 = Release|Any CPU
		{D40C4222-8C8E-45AB-B26A-B54090D7E462}.Debug|Any CPU.ActiveCfg = Debug|Any CPU
		{D40C4222-8C8E-45AB-B26A-B54090D7E462}.Debug|Any CPU.Build.0 = Debug|Any CPU
		{D40C4222-8C8E-45AB-B26A-B54090D7E462}.Release|Any CPU.ActiveCfg = Release|Any CPU
		{D40C4222-8C8E-45AB-B26A-B54090D7E462}.Release|Any CPU.Build.0 = Release|Any CPU
		{8EEF904D-2FDE-414D-90EC-AAAE506BD57C}.Debug|Any CPU.ActiveCfg = Debug|Any CPU
		{8EEF904D-2FDE-414D-90EC-AAAE506BD57C}.Debug|Any CPU.Build.0 = Debug|Any CPU
		{8EEF904D-2FDE-414D-90EC-AAAE506BD57C}.Release|Any CPU.ActiveCfg = Release|Any CPU
		{8EEF904D-2FDE-414D-90EC-AAAE506BD57C}.Release|Any CPU.Build.0 = Release|Any CPU
	EndGlobalSection
	GlobalSection(SolutionProperties) = preSolution
		HideSolutionNode = FALSE
	EndGlobalSection
	GlobalSection(ExtensibilityGlobals) = postSolution
		SolutionGuid = {BE12DB2B-8B48-41F4-B174-5CE191BBC971}
	EndGlobalSection
EndGlobal
